{
  "version": 4,
  "terraform_version": "1.3.7",
  "serial": 12,
  "lineage": "643c3513-b8fe-5e9a-3573-48163f762569",
  "outputs": {},
  "resources": [
    {
      "mode": "managed",
      "type": "aws_instance",
      "name": "dove-int",
      "provider": "provider[\"registry.terraform.io/hashicorp/aws\"]",
      "instances": [
        {
          "schema_version": 1,
          "attributes": {
            "ami": "ami-0a606d8395a538502",
            "arn": "arn:aws:ec2:us-east-2:015562811147:instance/i-0420e5409df486c81",
            "associate_public_ip_address": true,
            "availability_zone": "us-east-2a",
            "capacity_reservation_specification": [
              {
                "capacity_reservation_preference": "open",
                "capacity_reservation_target": []
              }
            ],
            "cpu_core_count": 1,
            "cpu_threads_per_core": 1,
            "credit_specification": [
              {
                "cpu_credits": "standard"
              }
            ],
            "disable_api_termination": false,
            "ebs_block_device": [],
            "ebs_optimized": false,
            "enclave_options": [
              {
                "enabled": false
              }
            ],
            "ephemeral_block_device": [],
            "get_password_data": false,
            "hibernation": false,
            "host_id": null,
            "iam_instance_profile": "",
            "id": "i-0420e5409df486c81",
            "instance_initiated_shutdown_behavior": "stop",
            "instance_state": "running",
            "instance_type": "t2.micro",
            "ipv6_address_count": 0,
            "ipv6_addresses": [],
            "key_name": "dovekey",
            "launch_template": [],
            "metadata_options": [
              {
                "http_endpoint": "enabled",
                "http_put_response_hop_limit": 1,
                "http_tokens": "optional",
                "instance_metadata_tags": "disabled"
              }
            ],
            "monitoring": false,
            "network_interface": [],
            "outpost_arn": "",
            "password_data": "",
            "placement_group": "",
            "placement_partition_number": null,
            "primary_network_interface_id": "eni-066ab314268b00e90",
            "private_dns": "ip-172-31-10-131.us-east-2.compute.internal",
            "private_ip": "172.31.10.131",
            "public_dns": "ec2-3-145-162-208.us-east-2.compute.amazonaws.com",
            "public_ip": "3.145.162.208",
            "root_block_device": [
              {
                "delete_on_termination": true,
                "device_name": "/dev/xvda",
                "encrypted": false,
                "iops": 100,
                "kms_key_id": "",
                "tags": {},
                "throughput": 0,
                "volume_id": "vol-09638e201c9ff6bfd",
                "volume_size": 8,
                "volume_type": "gp2"
              }
            ],
            "secondary_private_ips": [],
            "security_groups": [
              "launch-wizard-3"
            ],
            "source_dest_check": true,
            "subnet_id": "subnet-026ec0e455c9029c4",
            "tags": null,
            "tags_all": {},
            "tenancy": "default",
            "timeouts": null,
            "user_data": null,
            "user_data_base64": null,
            "volume_tags": null,
            "vpc_security_group_ids": [
              "sg-0d79c1dcfa1ecae06"
            ]
          },
          "sensitive_attributes": [],
          "private": "eyJlMmJmYjczMC1lY2FhLTExZTYtOGY4OC0zNDM2M2JjN2M0YzAiOnsiY3JlYXRlIjo2MDAwMDAwMDAwMDAsImRlbGV0ZSI6MTIwMDAwMDAwMDAwMCwidXBkYXRlIjo2MDAwMDAwMDAwMDB9LCJzY2hlbWFfdmVyc2lvbiI6IjEifQ==",
          "dependencies": [
            "aws_key_pair.dove-key"
          ]
        }
      ]
    },
    {
      "mode": "managed",
      "type": "aws_key_pair",
      "name": "dove-key",
      "provider": "provider[\"registry.terraform.io/hashicorp/aws\"]",
      "instances": [
        {
          "schema_version": 1,
          "attributes": {
            "arn": "arn:aws:ec2:us-east-2:015562811147:key-pair/dovekey",
            "fingerprint": "be:f4:f9:56:03:28:62:d5:43:48:b1:4f:b5:4d:9f:8e",
            "id": "dovekey",
            "key_name": "dovekey",
            "key_name_prefix": "",
            "key_pair_id": "key-053f09a3e49341cdb",
            "public_key": "ssh-rsa AAAAB3NzaC1yc2EAAAADAQABAAABgQCzO0bxnsJnWKHnVCMlxxKFfNPChz9x2bgpWzG4hwTkEXq2dubG1TleoiwgMPvlGT7Nvkn3EL4eW+dMc1AGvPh/qRXQzDioIDuxvmEdTVvtUlEsDt9mu1VocGaIUKmUsNNnMf9xcraH6sCq91rLasAGua6wS3xvylOkPUgUFJ5gg9bCvlvDVbZrUPDX1SfeaREsd11CtQBXArOTD+tAqodeacNnKHkZjxhr/hgOBi+gliqqNuZV8XGevKeI/2CM/Pq8PIef7BSb42RmBN/IrwME0WAFHZFIKXZFFivumkzeegh69ixhtMWYu9rbf8elcFKNQQY1ulsqu2PWp+R5g91BxQhgAE5Y7tkOOfOnvLZ/G6XPjQ8enmuA5zu9AVXNskeE98TtkQs3RvThhmBw5bS03A4ryKr7aiDF2xgrqd9oxBSQmhfjZAHS1ibhsxgOICFssAi3b4EU2tvFOduFaSscABBzf1X26KuQNWyCyuj3PP9zKt8ugLFC4OT6SuW/Dek= Haris Khan@Haris",
            "tags": {},
            "tags_all": {}
          },
          "sensitive_attributes": [],
          "private": "eyJzY2hlbWFfdmVyc2lvbiI6IjEifQ=="
        }
      ]
    }
  ],
  "check_results": null
}
